
Microsoft Visual Studio Solution File, Format Version 12.00
# Visual Studio Version 17
VisualStudioVersion = 17.10.35013.160
MinimumVisualStudioVersion = 10.0.40219.1
Project("{8BC9CEB8-8B4A-11D0-8D11-00A0C91BC942}") = "010EditorPatcher", "010EditorPatcher.vcxproj", "{5A25E719-A469-4A11-BB6C-D6A7806AEB45}"
EndProject
Global
	GlobalSection(SolutionConfigurationPlatforms) = preSolution
		Debug|x64 = Debug|x64
		Debug|x86 = Debug|x86
		Release|x64 = Release|x64
		Release|x86 = Release|x86
	EndGlobalSection
	GlobalSection(ProjectConfigurationPlatforms) = postSolution
		{5A25E719-A469-4A11-BB6C-D6A7806AEB45}.Debug|x64.ActiveCfg = Debug|x64
		{5A25E719-A469-4A11-BB6C-D6A7806AEB45}.Debug|x64.Build.0 = Debug|x64
		{5A25E719-A469-4A11-BB6C-D6A7806AEB45}.Debug|x86.ActiveCfg = Debug|Win32
		{5A25E719-A469-4A11-BB6C-D6A7806AEB45}.Debug|x86.Build.0 = Debug|Win32
		{5A25E719-A469-4A11-BB6C-D6A7806AEB45}.Release|x64.ActiveCfg = Release|x64
		{5A25E719-A469-4A11-BB6C-D6A7806AEB45}.Release|x64.Build.0 = Release|x64
		{5A25E719-A469-4A11-BB6C-D6A7806AEB45}.Release|x86.ActiveCfg = Release|Win32
		{5A25E719-A469-4A11-BB6C-D6A7806AEB45}.Release|x86.Build.0 = Release|Win32
	EndGlobalSection
	GlobalSection(SolutionProperties) = preSolution
		HideSolutionNode = FALSE
	EndGlobalSection
	GlobalSection(ExtensibilityGlobals) = postSolution
		SolutionGuid = {468442F0-451F-49D7-A6DD-336297D32A96}
	EndGlobalSection
EndGlobal
